
Microsoft Visual Studio Solution File, Format Version 12.00
# Visual Studio Version 16
VisualStudioVersion = 16.0.31205.134
MinimumVisualStudioVersion = 10.0.40219.1
Project("{FAE04EC0-301F-11D3-BF4B-00C04F79EFBC}") = "DesafioFull.Web", "src\DesafioFull.Web\DesafioFull.Web.csproj", "{BB261D52-E3B5-4BA5-9599-6E89E594CB06}"
EndProject
Project("{FAE04EC0-301F-11D3-BF4B-00C04F79EFBC}") = "DesafioFull.Domain", "src\DesafioFull.Domain\DesafioFull.Domain.csproj", "{C46156DA-8AA8-4CBE-914E-DBE86CF6D688}"
EndProject
Project("{FAE04EC0-301F-11D3-BF4B-00C04F79EFBC}") = "DesafioFull.Infrastructure", "src\DesafioFull.Infrastructure\DesafioFull.Infrastructure.csproj", "{68B82899-4987-4B35-A595-084A2BAD6D60}"
EndProject
Project("{FAE04EC0-301F-11D3-BF4B-00C04F79EFBC}") = "DesafioFull.Services", "src\DesafioFull.Service\DesafioFull.Services.csproj", "{38C74C21-2891-48CB-9D30-BB56AAF8B2AA}"
EndProject
Project("{FAE04EC0-301F-11D3-BF4B-00C04F79EFBC}") = "DesafioFull.Services.Interfaces", "src\DesafioFull.Services.Interfaces\DesafioFull.Services.Interfaces.csproj", "{EE0EB5C1-C1D9-4285-8984-041BB110F37A}"
EndProject
Global
	GlobalSection(SolutionConfigurationPlatforms) = preSolution
		Debug|Any CPU = Debug|Any CPU
		Release|Any CPU = Release|Any CPU
	EndGlobalSection
	GlobalSection(ProjectConfigurationPlatforms) = postSolution
		{BB261D52-E3B5-4BA5-9599-6E89E594CB06}.Debug|Any CPU.ActiveCfg = Debug|Any CPU
		{BB261D52-E3B5-4BA5-9599-6E89E594CB06}.Debug|Any CPU.Build.0 = Debug|Any CPU
		{BB261D52-E3B5-4BA5-9599-6E89E594CB06}.Release|Any CPU.ActiveCfg = Release|Any CPU
		{BB261D52-E3B5-4BA5-9599-6E89E594CB06}.Release|Any CPU.Build.0 = Release|Any CPU
		{C46156DA-8AA8-4CBE-914E-DBE86CF6D688}.Debug|Any CPU.ActiveCfg = Debug|Any CPU
		{C46156DA-8AA8-4CBE-914E-DBE86CF6D688}.Debug|Any CPU.Build.0 = Debug|Any CPU
		{C46156DA-8AA8-4CBE-914E-DBE86CF6D688}.Release|Any CPU.ActiveCfg = Release|Any CPU
		{C46156DA-8AA8-4CBE-914E-DBE86CF6D688}.Release|Any CPU.Build.0 = Release|Any CPU
		{68B82899-4987-4B35-A595-084A2BAD6D60}.Debug|Any CPU.ActiveCfg = Debug|Any CPU
		{68B82899-4987-4B35-A595-084A2BAD6D60}.Debug|Any CPU.Build.0 = Debug|Any CPU
		{68B82899-4987-4B35-A595-084A2BAD6D60}.Release|Any CPU.ActiveCfg = Release|Any CPU
		{68B82899-4987-4B35-A595-084A2BAD6D60}.Release|Any CPU.Build.0 = Release|Any CPU
		{38C74C21-2891-48CB-9D30-BB56AAF8B2AA}.Debug|Any CPU.ActiveCfg = Debug|Any CPU
		{38C74C21-2891-48CB-9D30-BB56AAF8B2AA}.Debug|Any CPU.Build.0 = Debug|Any CPU
		{38C74C21-2891-48CB-9D30-BB56AAF8B2AA}.Release|Any CPU.ActiveCfg = Release|Any CPU
		{38C74C21-2891-48CB-9D30-BB56AAF8B2AA}.Release|Any CPU.Build.0 = Release|Any CPU
		{EE0EB5C1-C1D9-4285-8984-041BB110F37A}.Debug|Any CPU.ActiveCfg = Debug|Any CPU
		{EE0EB5C1-C1D9-4285-8984-041BB110F37A}.Debug|Any CPU.Build.0 = Debug|Any CPU
		{EE0EB5C1-C1D9-4285-8984-041BB110F37A}.Release|Any CPU.ActiveCfg = Release|Any CPU
		{EE0EB5C1-C1D9-4285-8984-041BB110F37A}.Release|Any CPU.Build.0 = Release|Any CPU
	EndGlobalSection
	GlobalSection(SolutionProperties) = preSolution
		HideSolutionNode = FALSE
	EndGlobalSection
	GlobalSection(ExtensibilityGlobals) = postSolution
		SolutionGuid = {1092878B-3C54-4166-B5ED-9B1AA973B60F}
	EndGlobalSection
EndGlobal
